// !$*UTF8*$!
{
	archiveVersion = 1;
	classes = {
	};
	objectVersion = 56;
	objects = {

/* Begin PBXBuildFile section */
		2863AB152A8E986F007F72AB /* NanoChallengeWebServiceApp.swift in Sources */ = {isa = PBXBuildFile; fileRef = 2863AB142A8E986F007F72AB /* NanoChallengeWebServiceApp.swift */; };
		2863AB172A8E986F007F72AB /* ContentView.swift in Sources */ = {isa = PBXBuildFile; fileRef = 2863AB162A8E986F007F72AB /* ContentView.swift */; };
		2863AB192A8E9870007F72AB /* Assets.xcassets in Resources */ = {isa = PBXBuildFile; fileRef = 2863AB182A8E9870007F72AB /* Assets.xcassets */; };
		2863AB1C2A8E9870007F72AB /* Preview Assets.xcassets in Resources */ = {isa = PBXBuildFile; fileRef = 2863AB1B2A8E9870007F72AB /* Preview Assets.xcassets */; };
		2863AB272A8E9B31007F72AB /* AnimeHomeView.swift in Sources */ = {isa = PBXBuildFile; fileRef = 2863AB262A8E9B31007F72AB /* AnimeHomeView.swift */; };
		2863AB292A8EA0DC007F72AB /* AnimeItemView.swift in Sources */ = {isa = PBXBuildFile; fileRef = 2863AB282A8EA0DC007F72AB /* AnimeItemView.swift */; };
		2863AB2C2A8EA428007F72AB /* AnimeModel.swift in Sources */ = {isa = PBXBuildFile; fileRef = 2863AB2B2A8EA428007F72AB /* AnimeModel.swift */; };
		286A1F382A98CCF80012D3C8 /* AnimeView.swift in Sources */ = {isa = PBXBuildFile; fileRef = 286A1F372A98CCF80012D3C8 /* AnimeView.swift */; };
		286A1F3C2A98E0D50012D3C8 /* AnimeViewModel.swift in Sources */ = {isa = PBXBuildFile; fileRef = 286A1F3B2A98E0D50012D3C8 /* AnimeViewModel.swift */; };
		288EB3BC2A97ED4A00C24DD7 /* AnimeImageService.swift in Sources */ = {isa = PBXBuildFile; fileRef = 288EB3BB2A97ED4A00C24DD7 /* AnimeImageService.swift */; };
		288EB3BF2A97F18F00C24DD7 /* AnimeImageViewModel.swift in Sources */ = {isa = PBXBuildFile; fileRef = 288EB3BE2A97F18F00C24DD7 /* AnimeImageViewModel.swift */; };
		288EB3C12A97F32800C24DD7 /* AnimeImageView.swift in Sources */ = {isa = PBXBuildFile; fileRef = 288EB3C02A97F32800C24DD7 /* AnimeImageView.swift */; };
		28C67E972A92571200334D27 /* AnimeDataService.swift in Sources */ = {isa = PBXBuildFile; fileRef = 28C67E962A92571200334D27 /* AnimeDataService.swift */; };
		28C67E9A2A926C6A00334D27 /* QueryManager.swift in Sources */ = {isa = PBXBuildFile; fileRef = 28C67E992A926C6A00334D27 /* QueryManager.swift */; };
		28C67E9C2A929B7F00334D27 /* AnimeHomeViewModel.swift in Sources */ = {isa = PBXBuildFile; fileRef = 28C67E9B2A929B7F00334D27 /* AnimeHomeViewModel.swift */; };
		28C67E9E2A93856E00334D27 /* NetworkingManager.swift in Sources */ = {isa = PBXBuildFile; fileRef = 28C67E9D2A93856E00334D27 /* NetworkingManager.swift */; };
		AF5083FB2A8FE5AE00D88F5E /* MoviesModel.swift in Sources */ = {isa = PBXBuildFile; fileRef = AF5083FA2A8FE5AE00D88F5E /* MoviesModel.swift */; };
		AF5083FF2A9004D500D88F5E /* MovieHomeView.swift in Sources */ = {isa = PBXBuildFile; fileRef = AF5083FE2A9004D500D88F5E /* MovieHomeView.swift */; };
		AF67D2B82A93FB4800B316FD /* MovieItemViewModel.swift in Sources */ = {isa = PBXBuildFile; fileRef = AF67D2B72A93FB4800B316FD /* MovieItemViewModel.swift */; };
		AFA83E5D2A9D2B0A0099148A /* ScrollMovies.swift in Sources */ = {isa = PBXBuildFile; fileRef = AFA83E5C2A9D2B0A0099148A /* ScrollMovies.swift */; };
		AFB784D62A93E12400D27BF3 /* MovieItem.swift in Sources */ = {isa = PBXBuildFile; fileRef = AFB784D52A93E12400D27BF3 /* MovieItem.swift */; };
		AFC199222A9A51AF00C6B47D /* HearderSrollMovie.swift in Sources */ = {isa = PBXBuildFile; fileRef = AFC199212A9A51AF00C6B47D /* HearderSrollMovie.swift */; };
		AFC199262A9A52AC00C6B47D /* MovieDesignScrollView.swift in Sources */ = {isa = PBXBuildFile; fileRef = AFC199252A9A52AC00C6B47D /* MovieDesignScrollView.swift */; };
		AFC199282A9AA0A400C6B47D /* MovieHomeViewModel.swift in Sources */ = {isa = PBXBuildFile; fileRef = AFC199272A9AA0A400C6B47D /* MovieHomeViewModel.swift */; };
		AFC1992A2A9AA11D00C6B47D /* GenresDesign.swift in Sources */ = {isa = PBXBuildFile; fileRef = AFC199292A9AA11D00C6B47D /* GenresDesign.swift */; };
		AFC27AFD2A9D14D300C7EB0F /* MovieService.swift in Sources */ = {isa = PBXBuildFile; fileRef = AFC27AFC2A9D14D300C7EB0F /* MovieService.swift */; };
		BA8D8BC72A9928F200CE5BE6 /* SerieCard.swift in Sources */ = {isa = PBXBuildFile; fileRef = BA8D8BC62A9928F200CE5BE6 /* SerieCard.swift */; };
		BA8D8BC92A99291100CE5BE6 /* GenreDesign.swift in Sources */ = {isa = PBXBuildFile; fileRef = BA8D8BC82A99291100CE5BE6 /* GenreDesign.swift */; };
		BA8D8BCB2A99297500CE5BE6 /* ScrollCardView.swift in Sources */ = {isa = PBXBuildFile; fileRef = BA8D8BCA2A99297500CE5BE6 /* ScrollCardView.swift */; };
		BA8D8BCE2A9929AC00CE5BE6 /* SerieViewModel.swift in Sources */ = {isa = PBXBuildFile; fileRef = BA8D8BCD2A9929AC00CE5BE6 /* SerieViewModel.swift */; };
		BA8D8BD02A9929F900CE5BE6 /* SerieDetailViewModel.swift in Sources */ = {isa = PBXBuildFile; fileRef = BA8D8BCF2A9929F900CE5BE6 /* SerieDetailViewModel.swift */; };
		BA8D8BD22A992A3700CE5BE6 /* Series.swift in Sources */ = {isa = PBXBuildFile; fileRef = BA8D8BD12A992A3700CE5BE6 /* Series.swift */; };
		BA8D8BD52A992AA900CE5BE6 /* MainSerieView.swift in Sources */ = {isa = PBXBuildFile; fileRef = BA8D8BD42A992AA900CE5BE6 /* MainSerieView.swift */; };
		BA8D8BD72A992ACD00CE5BE6 /* SerieDetail.swift in Sources */ = {isa = PBXBuildFile; fileRef = BA8D8BD62A992ACD00CE5BE6 /* SerieDetail.swift */; };
		BA8D8BD92A9A495800CE5BE6 /* ListGenreSerie.swift in Sources */ = {isa = PBXBuildFile; fileRef = BA8D8BD82A9A495800CE5BE6 /* ListGenreSerie.swift */; };
		BA8D8BDB2A9D0F5100CE5BE6 /* AllSeries.swift in Sources */ = {isa = PBXBuildFile; fileRef = BA8D8BDA2A9D0F5100CE5BE6 /* AllSeries.swift */; };
		BA8D8BDD2A9D16E300CE5BE6 /* AllGenreSerie.swift in Sources */ = {isa = PBXBuildFile; fileRef = BA8D8BDC2A9D16E300CE5BE6 /* AllGenreSerie.swift */; };
		E008BAF32A9D1DBD005085E8 /* FavoriteDataModel.xcdatamodeld in Sources */ = {isa = PBXBuildFile; fileRef = E008BAF12A9D1DBD005085E8 /* FavoriteDataModel.xcdatamodeld */; };
		E008BAF52A9D1DD6005085E8 /* CoreDataController.swift in Sources */ = {isa = PBXBuildFile; fileRef = E008BAF42A9D1DD6005085E8 /* CoreDataController.swift */; };
		E0AD89A52A9D2266006A67F1 /* TelaDeFavoritos.swift in Sources */ = {isa = PBXBuildFile; fileRef = E0AD89A42A9D2266006A67F1 /* TelaDeFavoritos.swift */; };
		E0AD89A72A9D3305006A67F1 /* FavoriteAnimeViewModel.swift in Sources */ = {isa = PBXBuildFile; fileRef = E0AD89A62A9D3305006A67F1 /* FavoriteAnimeViewModel.swift */; };
		E0B3AFA02A9D386400B81206 /* ScreenLimits.swift in Sources */ = {isa = PBXBuildFile; fileRef = E0B3AF9F2A9D386400B81206 /* ScreenLimits.swift */; };
		E0B3AFA72A9D3EA800B81206 /* FavoriteSerieViewModel.swift in Sources */ = {isa = PBXBuildFile; fileRef = E0B3AFA62A9D3EA800B81206 /* FavoriteSerieViewModel.swift */; };
		E0B3AFA92A9D434600B81206 /* MovieFavoriteViewModel.swift in Sources */ = {isa = PBXBuildFile; fileRef = E0B3AFA82A9D434600B81206 /* MovieFavoriteViewModel.swift */; };
		E0B3AFAB2A9D613400B81206 /* TelaDeFavoritosViewModel.swift in Sources */ = {isa = PBXBuildFile; fileRef = E0B3AFAA2A9D613400B81206 /* TelaDeFavoritosViewModel.swift */; };
/* End PBXBuildFile section */

/* Begin PBXFileReference section */
		2863AB112A8E986F007F72AB /* NanoChallengeWebService.app */ = {isa = PBXFileReference; explicitFileType = wrapper.application; includeInIndex = 0; path = NanoChallengeWebService.app; sourceTree = BUILT_PRODUCTS_DIR; };
		2863AB142A8E986F007F72AB /* NanoChallengeWebServiceApp.swift */ = {isa = PBXFileReference; lastKnownFileType = sourcecode.swift; path = NanoChallengeWebServiceApp.swift; sourceTree = "<group>"; };
		2863AB162A8E986F007F72AB /* ContentView.swift */ = {isa = PBXFileReference; lastKnownFileType = sourcecode.swift; path = ContentView.swift; sourceTree = "<group>"; };
		2863AB182A8E9870007F72AB /* Assets.xcassets */ = {isa = PBXFileReference; lastKnownFileType = folder.assetcatalog; path = Assets.xcassets; sourceTree = "<group>"; };
		2863AB1B2A8E9870007F72AB /* Preview Assets.xcassets */ = {isa = PBXFileReference; lastKnownFileType = folder.assetcatalog; path = "Preview Assets.xcassets"; sourceTree = "<group>"; };
		2863AB262A8E9B31007F72AB /* AnimeHomeView.swift */ = {isa = PBXFileReference; lastKnownFileType = sourcecode.swift; path = AnimeHomeView.swift; sourceTree = "<group>"; };
		2863AB282A8EA0DC007F72AB /* AnimeItemView.swift */ = {isa = PBXFileReference; lastKnownFileType = sourcecode.swift; path = AnimeItemView.swift; sourceTree = "<group>"; };
		2863AB2B2A8EA428007F72AB /* AnimeModel.swift */ = {isa = PBXFileReference; lastKnownFileType = sourcecode.swift; path = AnimeModel.swift; sourceTree = "<group>"; };
		286A1F372A98CCF80012D3C8 /* AnimeView.swift */ = {isa = PBXFileReference; lastKnownFileType = sourcecode.swift; path = AnimeView.swift; sourceTree = "<group>"; };
		286A1F3B2A98E0D50012D3C8 /* AnimeViewModel.swift */ = {isa = PBXFileReference; lastKnownFileType = sourcecode.swift; path = AnimeViewModel.swift; sourceTree = "<group>"; };
		288EB3BB2A97ED4A00C24DD7 /* AnimeImageService.swift */ = {isa = PBXFileReference; lastKnownFileType = sourcecode.swift; path = AnimeImageService.swift; sourceTree = "<group>"; };
		288EB3BE2A97F18F00C24DD7 /* AnimeImageViewModel.swift */ = {isa = PBXFileReference; lastKnownFileType = sourcecode.swift; path = AnimeImageViewModel.swift; sourceTree = "<group>"; };
		288EB3C02A97F32800C24DD7 /* AnimeImageView.swift */ = {isa = PBXFileReference; lastKnownFileType = sourcecode.swift; path = AnimeImageView.swift; sourceTree = "<group>"; };
		28C67E962A92571200334D27 /* AnimeDataService.swift */ = {isa = PBXFileReference; lastKnownFileType = sourcecode.swift; path = AnimeDataService.swift; sourceTree = "<group>"; };
		28C67E992A926C6A00334D27 /* QueryManager.swift */ = {isa = PBXFileReference; lastKnownFileType = sourcecode.swift; path = QueryManager.swift; sourceTree = "<group>"; };
		28C67E9B2A929B7F00334D27 /* AnimeHomeViewModel.swift */ = {isa = PBXFileReference; lastKnownFileType = sourcecode.swift; path = AnimeHomeViewModel.swift; sourceTree = "<group>"; };
		28C67E9D2A93856E00334D27 /* NetworkingManager.swift */ = {isa = PBXFileReference; lastKnownFileType = sourcecode.swift; path = NetworkingManager.swift; sourceTree = "<group>"; };
		AF5083FA2A8FE5AE00D88F5E /* MoviesModel.swift */ = {isa = PBXFileReference; lastKnownFileType = sourcecode.swift; path = MoviesModel.swift; sourceTree = "<group>"; };
		AF5083FE2A9004D500D88F5E /* MovieHomeView.swift */ = {isa = PBXFileReference; lastKnownFileType = sourcecode.swift; path = MovieHomeView.swift; sourceTree = "<group>"; };
		AF67D2B72A93FB4800B316FD /* MovieItemViewModel.swift */ = {isa = PBXFileReference; lastKnownFileType = sourcecode.swift; path = MovieItemViewModel.swift; sourceTree = "<group>"; };
		AF97E44C2A94FC4000C562CD /* Info.plist */ = {isa = PBXFileReference; lastKnownFileType = text.plist; path = Info.plist; sourceTree = "<group>"; };
		AFA83E5C2A9D2B0A0099148A /* ScrollMovies.swift */ = {isa = PBXFileReference; lastKnownFileType = sourcecode.swift; path = ScrollMovies.swift; sourceTree = "<group>"; };
		AFB784D52A93E12400D27BF3 /* MovieItem.swift */ = {isa = PBXFileReference; lastKnownFileType = sourcecode.swift; path = MovieItem.swift; sourceTree = "<group>"; };
		AFC199212A9A51AF00C6B47D /* HearderSrollMovie.swift */ = {isa = PBXFileReference; lastKnownFileType = sourcecode.swift; path = HearderSrollMovie.swift; sourceTree = "<group>"; };
		AFC199252A9A52AC00C6B47D /* MovieDesignScrollView.swift */ = {isa = PBXFileReference; lastKnownFileType = sourcecode.swift; path = MovieDesignScrollView.swift; sourceTree = "<group>"; };
		AFC199272A9AA0A400C6B47D /* MovieHomeViewModel.swift */ = {isa = PBXFileReference; lastKnownFileType = sourcecode.swift; path = MovieHomeViewModel.swift; sourceTree = "<group>"; };
		AFC199292A9AA11D00C6B47D /* GenresDesign.swift */ = {isa = PBXFileReference; lastKnownFileType = sourcecode.swift; path = GenresDesign.swift; sourceTree = "<group>"; };
		AFC27AFC2A9D14D300C7EB0F /* MovieService.swift */ = {isa = PBXFileReference; lastKnownFileType = sourcecode.swift; path = MovieService.swift; sourceTree = "<group>"; };
		BA8D8BC62A9928F200CE5BE6 /* SerieCard.swift */ = {isa = PBXFileReference; lastKnownFileType = sourcecode.swift; path = SerieCard.swift; sourceTree = "<group>"; };
		BA8D8BC82A99291100CE5BE6 /* GenreDesign.swift */ = {isa = PBXFileReference; lastKnownFileType = sourcecode.swift; path = GenreDesign.swift; sourceTree = "<group>"; };
		BA8D8BCA2A99297500CE5BE6 /* ScrollCardView.swift */ = {isa = PBXFileReference; lastKnownFileType = sourcecode.swift; path = ScrollCardView.swift; sourceTree = "<group>"; };
		BA8D8BCD2A9929AC00CE5BE6 /* SerieViewModel.swift */ = {isa = PBXFileReference; lastKnownFileType = sourcecode.swift; path = SerieViewModel.swift; sourceTree = "<group>"; };
		BA8D8BCF2A9929F900CE5BE6 /* SerieDetailViewModel.swift */ = {isa = PBXFileReference; lastKnownFileType = sourcecode.swift; path = SerieDetailViewModel.swift; sourceTree = "<group>"; };
		BA8D8BD12A992A3700CE5BE6 /* Series.swift */ = {isa = PBXFileReference; lastKnownFileType = sourcecode.swift; path = Series.swift; sourceTree = "<group>"; };
		BA8D8BD42A992AA900CE5BE6 /* MainSerieView.swift */ = {isa = PBXFileReference; lastKnownFileType = sourcecode.swift; path = MainSerieView.swift; sourceTree = "<group>"; };
		BA8D8BD62A992ACD00CE5BE6 /* SerieDetail.swift */ = {isa = PBXFileReference; lastKnownFileType = sourcecode.swift; path = SerieDetail.swift; sourceTree = "<group>"; };
		BA8D8BD82A9A495800CE5BE6 /* ListGenreSerie.swift */ = {isa = PBXFileReference; lastKnownFileType = sourcecode.swift; path = ListGenreSerie.swift; sourceTree = "<group>"; };
		BA8D8BDA2A9D0F5100CE5BE6 /* AllSeries.swift */ = {isa = PBXFileReference; lastKnownFileType = sourcecode.swift; path = AllSeries.swift; sourceTree = "<group>"; };
		BA8D8BDC2A9D16E300CE5BE6 /* AllGenreSerie.swift */ = {isa = PBXFileReference; lastKnownFileType = sourcecode.swift; path = AllGenreSerie.swift; sourceTree = "<group>"; };
		E008BAF22A9D1DBD005085E8 /* FavoriteDataModel.xcdatamodel */ = {isa = PBXFileReference; lastKnownFileType = wrapper.xcdatamodel; path = FavoriteDataModel.xcdatamodel; sourceTree = "<group>"; };
		E008BAF42A9D1DD6005085E8 /* CoreDataController.swift */ = {isa = PBXFileReference; lastKnownFileType = sourcecode.swift; path = CoreDataController.swift; sourceTree = "<group>"; };
		E0AD89A42A9D2266006A67F1 /* TelaDeFavoritos.swift */ = {isa = PBXFileReference; lastKnownFileType = sourcecode.swift; path = TelaDeFavoritos.swift; sourceTree = "<group>"; };
		E0AD89A62A9D3305006A67F1 /* FavoriteAnimeViewModel.swift */ = {isa = PBXFileReference; lastKnownFileType = sourcecode.swift; path = FavoriteAnimeViewModel.swift; sourceTree = "<group>"; };
		E0B3AF9F2A9D386400B81206 /* ScreenLimits.swift */ = {isa = PBXFileReference; lastKnownFileType = sourcecode.swift; path = ScreenLimits.swift; sourceTree = "<group>"; };
		E0B3AFA62A9D3EA800B81206 /* FavoriteSerieViewModel.swift */ = {isa = PBXFileReference; lastKnownFileType = sourcecode.swift; path = FavoriteSerieViewModel.swift; sourceTree = "<group>"; };
		E0B3AFA82A9D434600B81206 /* MovieFavoriteViewModel.swift */ = {isa = PBXFileReference; lastKnownFileType = sourcecode.swift; path = MovieFavoriteViewModel.swift; sourceTree = "<group>"; };
		E0B3AFAA2A9D613400B81206 /* TelaDeFavoritosViewModel.swift */ = {isa = PBXFileReference; lastKnownFileType = sourcecode.swift; path = TelaDeFavoritosViewModel.swift; sourceTree = "<group>"; };
/* End PBXFileReference section */

/* Begin PBXFrameworksBuildPhase section */
		2863AB0E2A8E986F007F72AB /* Frameworks */ = {
			isa = PBXFrameworksBuildPhase;
			buildActionMask = 2147483647;
			files = (
			);
			runOnlyForDeploymentPostprocessing = 0;
		};
/* End PBXFrameworksBuildPhase section */

/* Begin PBXGroup section */
		2863AB082A8E986F007F72AB = {
			isa = PBXGroup;
			children = (
				2863AB132A8E986F007F72AB /* NanoChallengeWebService */,
				2863AB122A8E986F007F72AB /* Products */,
			);
			sourceTree = "<group>";
		};
		2863AB122A8E986F007F72AB /* Products */ = {
			isa = PBXGroup;
			children = (
				2863AB112A8E986F007F72AB /* NanoChallengeWebService.app */,
			);
			name = Products;
			sourceTree = "<group>";
		};
		2863AB132A8E986F007F72AB /* NanoChallengeWebService */ = {
			isa = PBXGroup;
			children = (
				AF97E44C2A94FC4000C562CD /* Info.plist */,
				2863AB142A8E986F007F72AB /* NanoChallengeWebServiceApp.swift */,
				E008BAF02A9D1DA3005085E8 /* CoreData */,
				28C67E982A92581E00334D27 /* Utilites */,
				28C67E942A9256E100334D27 /* AnimeServices */,
				2863AB2A2A8EA41B007F72AB /* Model */,
				2863AB222A8E99E5007F72AB /* Core */,
				2863AB162A8E986F007F72AB /* ContentView.swift */,
				2863AB182A8E9870007F72AB /* Assets.xcassets */,
				2863AB1A2A8E9870007F72AB /* Preview Content */,
			);
			path = NanoChallengeWebService;
			sourceTree = "<group>";
		};
		2863AB1A2A8E9870007F72AB /* Preview Content */ = {
			isa = PBXGroup;
			children = (
				2863AB1B2A8E9870007F72AB /* Preview Assets.xcassets */,
			);
			path = "Preview Content";
			sourceTree = "<group>";
		};
		2863AB222A8E99E5007F72AB /* Core */ = {
			isa = PBXGroup;
			children = (
				E0B3AFA12A9D3AC900B81206 /* TelaDeFavorito */,
				AF5083F62A8FE54900D88F5E /* Movies */,
				288EB3BD2A97F17800C24DD7 /* Components */,
				BA8D8BC52A9928D700CE5BE6 /* Serie */,
				2863AB232A8E99EE007F72AB /* Anime */,
			);
			path = Core;
			sourceTree = "<group>";
		};
		2863AB232A8E99EE007F72AB /* Anime */ = {
			isa = PBXGroup;
			children = (
				2863AB242A8E9A1B007F72AB /* ViewModel */,
				2863AB252A8E9A2A007F72AB /* View */,
			);
			path = Anime;
			sourceTree = "<group>";
		};
		2863AB242A8E9A1B007F72AB /* ViewModel */ = {
			isa = PBXGroup;
			children = (
				28C67E9B2A929B7F00334D27 /* AnimeHomeViewModel.swift */,
				286A1F3B2A98E0D50012D3C8 /* AnimeViewModel.swift */,
			);
			path = ViewModel;
			sourceTree = "<group>";
		};
		2863AB252A8E9A2A007F72AB /* View */ = {
			isa = PBXGroup;
			children = (
				2863AB262A8E9B31007F72AB /* AnimeHomeView.swift */,
				2863AB282A8EA0DC007F72AB /* AnimeItemView.swift */,
				286A1F372A98CCF80012D3C8 /* AnimeView.swift */,
			);
			path = View;
			sourceTree = "<group>";
		};
		2863AB2A2A8EA41B007F72AB /* Model */ = {
			isa = PBXGroup;
			children = (
				2863AB2B2A8EA428007F72AB /* AnimeModel.swift */,
				AF5083FA2A8FE5AE00D88F5E /* MoviesModel.swift */,
			);
			path = Model;
			sourceTree = "<group>";
		};
		288EB3BD2A97F17800C24DD7 /* Components */ = {
			isa = PBXGroup;
			children = (
				288EB3BE2A97F18F00C24DD7 /* AnimeImageViewModel.swift */,
				288EB3C02A97F32800C24DD7 /* AnimeImageView.swift */,
			);
			path = Components;
			sourceTree = "<group>";
		};
		28C67E942A9256E100334D27 /* AnimeServices */ = {
			isa = PBXGroup;
			children = (
				28C67E962A92571200334D27 /* AnimeDataService.swift */,
				288EB3BB2A97ED4A00C24DD7 /* AnimeImageService.swift */,
			);
			path = AnimeServices;
			sourceTree = "<group>";
		};
		28C67E982A92581E00334D27 /* Utilites */ = {
			isa = PBXGroup;
			children = (
				28C67E992A926C6A00334D27 /* QueryManager.swift */,
				28C67E9D2A93856E00334D27 /* NetworkingManager.swift */,
				E0B3AF9F2A9D386400B81206 /* ScreenLimits.swift */,
			);
			path = Utilites;
			sourceTree = "<group>";
		};
		AF5083F62A8FE54900D88F5E /* Movies */ = {
			isa = PBXGroup;
			children = (
				AFC27AFB2A9D147500C7EB0F /* Service */,
				AF5083F92A8FE56300D88F5E /* View */,
				AF5083F72A8FE55300D88F5E /* ViewModel */,
			);
			path = Movies;
			sourceTree = "<group>";
		};
		AF5083F72A8FE55300D88F5E /* ViewModel */ = {
			isa = PBXGroup;
			children = (
				AF67D2B72A93FB4800B316FD /* MovieItemViewModel.swift */,
				AFC199272A9AA0A400C6B47D /* MovieHomeViewModel.swift */,
			);
			path = ViewModel;
			sourceTree = "<group>";
		};
		AF5083F92A8FE56300D88F5E /* View */ = {
			isa = PBXGroup;
			children = (
				AFC199202A9A512E00C6B47D /* Components */,
				AF5083FE2A9004D500D88F5E /* MovieHomeView.swift */,
				AFB784D52A93E12400D27BF3 /* MovieItem.swift */,
			);
			path = View;
			sourceTree = "<group>";
		};
		AFC199202A9A512E00C6B47D /* Components */ = {
			isa = PBXGroup;
			children = (
				AFC199212A9A51AF00C6B47D /* HearderSrollMovie.swift */,
				AFC199252A9A52AC00C6B47D /* MovieDesignScrollView.swift */,
				AFC199292A9AA11D00C6B47D /* GenresDesign.swift */,
				AFA83E5C2A9D2B0A0099148A /* ScrollMovies.swift */,
			);
			path = Components;
			sourceTree = "<group>";
		};
		AFC27AFB2A9D147500C7EB0F /* Service */ = {
			isa = PBXGroup;
			children = (
				AFC27AFC2A9D14D300C7EB0F /* MovieService.swift */,
			);
			path = Service;
			sourceTree = "<group>";
		};
		BA8D8BC42A9928B600CE5BE6 /* ComponetnsSeries */ = {
			isa = PBXGroup;
			children = (
				BA8D8BC62A9928F200CE5BE6 /* SerieCard.swift */,
				BA8D8BC82A99291100CE5BE6 /* GenreDesign.swift */,
				BA8D8BCA2A99297500CE5BE6 /* ScrollCardView.swift */,
				BA8D8BD82A9A495800CE5BE6 /* ListGenreSerie.swift */,
			);
			path = ComponetnsSeries;
			sourceTree = "<group>";
		};
		BA8D8BC52A9928D700CE5BE6 /* Serie */ = {
			isa = PBXGroup;
			children = (
				BA8D8BD32A992A8300CE5BE6 /* View */,
				BA8D8BCC2A99299500CE5BE6 /* ViewModel */,
				BA8D8BC42A9928B600CE5BE6 /* ComponetnsSeries */,
			);
			path = Serie;
			sourceTree = "<group>";
		};
		BA8D8BCC2A99299500CE5BE6 /* ViewModel */ = {
			isa = PBXGroup;
			children = (
				BA8D8BCD2A9929AC00CE5BE6 /* SerieViewModel.swift */,
				BA8D8BCF2A9929F900CE5BE6 /* SerieDetailViewModel.swift */,
				BA8D8BD12A992A3700CE5BE6 /* Series.swift */,
			);
			path = ViewModel;
			sourceTree = "<group>";
		};
		BA8D8BD32A992A8300CE5BE6 /* View */ = {
			isa = PBXGroup;
			children = (
				BA8D8BD42A992AA900CE5BE6 /* MainSerieView.swift */,
				BA8D8BD62A992ACD00CE5BE6 /* SerieDetail.swift */,
				BA8D8BDA2A9D0F5100CE5BE6 /* AllSeries.swift */,
				BA8D8BDC2A9D16E300CE5BE6 /* AllGenreSerie.swift */,
			);
			path = View;
			sourceTree = "<group>";
		};
		E008BAF02A9D1DA3005085E8 /* CoreData */ = {
			isa = PBXGroup;
			children = (
				E008BAF42A9D1DD6005085E8 /* CoreDataController.swift */,
				E008BAF12A9D1DBD005085E8 /* FavoriteDataModel.xcdatamodeld */,
			);
			name = CoreData;
			path = ../CoreData;
			sourceTree = "<group>";
		};
		E0B3AFA12A9D3AC900B81206 /* TelaDeFavorito */ = {
			isa = PBXGroup;
			children = (
				E0B3AFA22A9D3AD600B81206 /* View */,
				E0B3AFA32A9D3ADE00B81206 /* ViewModel */,
			);
			path = TelaDeFavorito;
			sourceTree = "<group>";
		};
		E0B3AFA22A9D3AD600B81206 /* View */ = {
			isa = PBXGroup;
			children = (
				E0AD89A42A9D2266006A67F1 /* TelaDeFavoritos.swift */,
			);
			path = View;
			sourceTree = "<group>";
		};
		E0B3AFA32A9D3ADE00B81206 /* ViewModel */ = {
			isa = PBXGroup;
			children = (
				E0B3AFAA2A9D613400B81206 /* TelaDeFavoritosViewModel.swift */,
				E0AD89A62A9D3305006A67F1 /* FavoriteAnimeViewModel.swift */,
				E0B3AFA62A9D3EA800B81206 /* FavoriteSerieViewModel.swift */,
				E0B3AFA82A9D434600B81206 /* MovieFavoriteViewModel.swift */,
			);
			path = ViewModel;
			sourceTree = "<group>";
		};
/* End PBXGroup section */

/* Begin PBXNativeTarget section */
		2863AB102A8E986F007F72AB /* NanoChallengeWebService */ = {
			isa = PBXNativeTarget;
			buildConfigurationList = 2863AB1F2A8E9870007F72AB /* Build configuration list for PBXNativeTarget "NanoChallengeWebService" */;
			buildPhases = (
				2863AB0D2A8E986F007F72AB /* Sources */,
				2863AB0E2A8E986F007F72AB /* Frameworks */,
				2863AB0F2A8E986F007F72AB /* Resources */,
			);
			buildRules = (
			);
			dependencies = (
			);
			name = NanoChallengeWebService;
			productName = NanoChallengeWebService;
			productReference = 2863AB112A8E986F007F72AB /* NanoChallengeWebService.app */;
			productType = "com.apple.product-type.application";
		};
/* End PBXNativeTarget section */

/* Begin PBXProject section */
		2863AB092A8E986F007F72AB /* Project object */ = {
			isa = PBXProject;
			attributes = {
				BuildIndependentTargetsInParallel = 1;
				LastSwiftUpdateCheck = 1430;
				LastUpgradeCheck = 1430;
				TargetAttributes = {
					2863AB102A8E986F007F72AB = {
						CreatedOnToolsVersion = 14.3.1;
					};
				};
			};
			buildConfigurationList = 2863AB0C2A8E986F007F72AB /* Build configuration list for PBXProject "NanoChallengeWebService" */;
			compatibilityVersion = "Xcode 14.0";
			developmentRegion = en;
			hasScannedForEncodings = 0;
			knownRegions = (
				en,
				Base,
			);
			mainGroup = 2863AB082A8E986F007F72AB;
			productRefGroup = 2863AB122A8E986F007F72AB /* Products */;
			projectDirPath = "";
			projectRoot = "";
			targets = (
				2863AB102A8E986F007F72AB /* NanoChallengeWebService */,
			);
		};
/* End PBXProject section */

/* Begin PBXResourcesBuildPhase section */
		2863AB0F2A8E986F007F72AB /* Resources */ = {
			isa = PBXResourcesBuildPhase;
			buildActionMask = 2147483647;
			files = (
				2863AB1C2A8E9870007F72AB /* Preview Assets.xcassets in Resources */,
				2863AB192A8E9870007F72AB /* Assets.xcassets in Resources */,
			);
			runOnlyForDeploymentPostprocessing = 0;
		};
/* End PBXResourcesBuildPhase section */

/* Begin PBXSourcesBuildPhase section */
		2863AB0D2A8E986F007F72AB /* Sources */ = {
			isa = PBXSourcesBuildPhase;
			buildActionMask = 2147483647;
			files = (
				E0AD89A72A9D3305006A67F1 /* FavoriteAnimeViewModel.swift in Sources */,
				AF5083FF2A9004D500D88F5E /* MovieHomeView.swift in Sources */,
				AFB784D62A93E12400D27BF3 /* MovieItem.swift in Sources */,
				AFC1992A2A9AA11D00C6B47D /* GenresDesign.swift in Sources */,
				AF5083FB2A8FE5AE00D88F5E /* MoviesModel.swift in Sources */,
				AFC27AFD2A9D14D300C7EB0F /* MovieService.swift in Sources */,
				AFC199222A9A51AF00C6B47D /* HearderSrollMovie.swift in Sources */,
				AFC199262A9A52AC00C6B47D /* MovieDesignScrollView.swift in Sources */,
				AFC199282A9AA0A400C6B47D /* MovieHomeViewModel.swift in Sources */,
				AF67D2B82A93FB4800B316FD /* MovieItemViewModel.swift in Sources */,
				28C67E9A2A926C6A00334D27 /* QueryManager.swift in Sources */,
				E0AD89A52A9D2266006A67F1 /* TelaDeFavoritos.swift in Sources */,
				2863AB172A8E986F007F72AB /* ContentView.swift in Sources */,
				E0B3AFAB2A9D613400B81206 /* TelaDeFavoritosViewModel.swift in Sources */,
				288EB3BC2A97ED4A00C24DD7 /* AnimeImageService.swift in Sources */,
				286A1F382A98CCF80012D3C8 /* AnimeView.swift in Sources */,
				E0B3AFA72A9D3EA800B81206 /* FavoriteSerieViewModel.swift in Sources */,
				28C67E9C2A929B7F00334D27 /* AnimeHomeViewModel.swift in Sources */,
				E0B3AFA02A9D386400B81206 /* ScreenLimits.swift in Sources */,
				2863AB2C2A8EA428007F72AB /* AnimeModel.swift in Sources */,
				28C67E972A92571200334D27 /* AnimeDataService.swift in Sources */,
				BA8D8BDD2A9D16E300CE5BE6 /* AllGenreSerie.swift in Sources */,
				BA8D8BC92A99291100CE5BE6 /* GenreDesign.swift in Sources */,
				BA8D8BCB2A99297500CE5BE6 /* ScrollCardView.swift in Sources */,
				BA8D8BCE2A9929AC00CE5BE6 /* SerieViewModel.swift in Sources */,
				BA8D8BC72A9928F200CE5BE6 /* SerieCard.swift in Sources */,
				BA8D8BD52A992AA900CE5BE6 /* MainSerieView.swift in Sources */,
				BA8D8BD72A992ACD00CE5BE6 /* SerieDetail.swift in Sources */,
				E0B3AFA92A9D434600B81206 /* MovieFavoriteViewModel.swift in Sources */,
				2863AB152A8E986F007F72AB /* NanoChallengeWebServiceApp.swift in Sources */,
				28C67E9E2A93856E00334D27 /* NetworkingManager.swift in Sources */,
				288EB3BF2A97F18F00C24DD7 /* AnimeImageViewModel.swift in Sources */,
				E008BAF52A9D1DD6005085E8 /* CoreDataController.swift in Sources */,
				2863AB292A8EA0DC007F72AB /* AnimeItemView.swift in Sources */,
				E008BAF32A9D1DBD005085E8 /* FavoriteDataModel.xcdatamodeld in Sources */,
				BA8D8BD22A992A3700CE5BE6 /* Series.swift in Sources */,
				BA8D8BD02A9929F900CE5BE6 /* SerieDetailViewModel.swift in Sources */,
				BA8D8BD92A9A495800CE5BE6 /* ListGenreSerie.swift in Sources */,
				BA8D8BDB2A9D0F5100CE5BE6 /* AllSeries.swift in Sources */,
				2863AB272A8E9B31007F72AB /* AnimeHomeView.swift in Sources */,
				AFA83E5D2A9D2B0A0099148A /* ScrollMovies.swift in Sources */,
				288EB3C12A97F32800C24DD7 /* AnimeImageView.swift in Sources */,
				286A1F3C2A98E0D50012D3C8 /* AnimeViewModel.swift in Sources */,
			);
			runOnlyForDeploymentPostprocessing = 0;
		};
/* End PBXSourcesBuildPhase section */

/* Begin XCBuildConfiguration section */
		2863AB1D2A8E9870007F72AB /* Debug */ = {
			isa = XCBuildConfiguration;
			buildSettings = {
				ALWAYS_SEARCH_USER_PATHS = NO;
				CLANG_ANALYZER_NONNULL = YES;
				CLANG_ANALYZER_NUMBER_OBJECT_CONVERSION = YES_AGGRESSIVE;
				CLANG_CXX_LANGUAGE_STANDARD = "gnu++20";
				CLANG_ENABLE_MODULES = YES;
				CLANG_ENABLE_OBJC_ARC = YES;
				CLANG_ENABLE_OBJC_WEAK = YES;
				CLANG_WARN_BLOCK_CAPTURE_AUTORELEASING = YES;
				CLANG_WARN_BOOL_CONVERSION = YES;
				CLANG_WARN_COMMA = YES;
				CLANG_WARN_CONSTANT_CONVERSION = YES;
				CLANG_WARN_DEPRECATED_OBJC_IMPLEMENTATIONS = YES;
				CLANG_WARN_DIRECT_OBJC_ISA_USAGE = YES_ERROR;
				CLANG_WARN_DOCUMENTATION_COMMENTS = YES;
				CLANG_WARN_EMPTY_BODY = YES;
				CLANG_WARN_ENUM_CONVERSION = YES;
				CLANG_WARN_INFINITE_RECURSION = YES;
				CLANG_WARN_INT_CONVERSION = YES;
				CLANG_WARN_NON_LITERAL_NULL_CONVERSION = YES;
				CLANG_WARN_OBJC_IMPLICIT_RETAIN_SELF = YES;
				CLANG_WARN_OBJC_LITERAL_CONVERSION = YES;
				CLANG_WARN_OBJC_ROOT_CLASS = YES_ERROR;
				CLANG_WARN_QUOTED_INCLUDE_IN_FRAMEWORK_HEADER = YES;
				CLANG_WARN_RANGE_LOOP_ANALYSIS = YES;
				CLANG_WARN_STRICT_PROTOTYPES = YES;
				CLANG_WARN_SUSPICIOUS_MOVE = YES;
				CLANG_WARN_UNGUARDED_AVAILABILITY = YES_AGGRESSIVE;
				CLANG_WARN_UNREACHABLE_CODE = YES;
				CLANG_WARN__DUPLICATE_METHOD_MATCH = YES;
				COPY_PHASE_STRIP = NO;
				DEBUG_INFORMATION_FORMAT = dwarf;
				ENABLE_STRICT_OBJC_MSGSEND = YES;
				ENABLE_TESTABILITY = YES;
				GCC_C_LANGUAGE_STANDARD = gnu11;
				GCC_DYNAMIC_NO_PIC = NO;
				GCC_NO_COMMON_BLOCKS = YES;
				GCC_OPTIMIZATION_LEVEL = 0;
				GCC_PREPROCESSOR_DEFINITIONS = (
					"DEBUG=1",
					"$(inherited)",
				);
				GCC_WARN_64_TO_32_BIT_CONVERSION = YES;
				GCC_WARN_ABOUT_RETURN_TYPE = YES_ERROR;
				GCC_WARN_UNDECLARED_SELECTOR = YES;
				GCC_WARN_UNINITIALIZED_AUTOS = YES_AGGRESSIVE;
				GCC_WARN_UNUSED_FUNCTION = YES;
				GCC_WARN_UNUSED_VARIABLE = YES;
				IPHONEOS_DEPLOYMENT_TARGET = 16.4;
				MTL_ENABLE_DEBUG_INFO = INCLUDE_SOURCE;
				MTL_FAST_MATH = YES;
				ONLY_ACTIVE_ARCH = YES;
				SDKROOT = iphoneos;
				SWIFT_ACTIVE_COMPILATION_CONDITIONS = DEBUG;
				SWIFT_OPTIMIZATION_LEVEL = "-Onone";
			};
			name = Debug;
		};
		2863AB1E2A8E9870007F72AB /* Release */ = {
			isa = XCBuildConfiguration;
			buildSettings = {
				ALWAYS_SEARCH_USER_PATHS = NO;
				CLANG_ANALYZER_NONNULL = YES;
				CLANG_ANALYZER_NUMBER_OBJECT_CONVERSION = YES_AGGRESSIVE;
				CLANG_CXX_LANGUAGE_STANDARD = "gnu++20";
				CLANG_ENABLE_MODULES = YES;
				CLANG_ENABLE_OBJC_ARC = YES;
				CLANG_ENABLE_OBJC_WEAK = YES;
				CLANG_WARN_BLOCK_CAPTURE_AUTORELEASING = YES;
				CLANG_WARN_BOOL_CONVERSION = YES;
				CLANG_WARN_COMMA = YES;
				CLANG_WARN_CONSTANT_CONVERSION = YES;
				CLANG_WARN_DEPRECATED_OBJC_IMPLEMENTATIONS = YES;
				CLANG_WARN_DIRECT_OBJC_ISA_USAGE = YES_ERROR;
				CLANG_WARN_DOCUMENTATION_COMMENTS = YES;
				CLANG_WARN_EMPTY_BODY = YES;
				CLANG_WARN_ENUM_CONVERSION = YES;
				CLANG_WARN_INFINITE_RECURSION = YES;
				CLANG_WARN_INT_CONVERSION = YES;
				CLANG_WARN_NON_LITERAL_NULL_CONVERSION = YES;
				CLANG_WARN_OBJC_IMPLICIT_RETAIN_SELF = YES;
				CLANG_WARN_OBJC_LITERAL_CONVERSION = YES;
				CLANG_WARN_OBJC_ROOT_CLASS = YES_ERROR;
				CLANG_WARN_QUOTED_INCLUDE_IN_FRAMEWORK_HEADER = YES;
				CLANG_WARN_RANGE_LOOP_ANALYSIS = YES;
				CLANG_WARN_STRICT_PROTOTYPES = YES;
				CLANG_WARN_SUSPICIOUS_MOVE = YES;
				CLANG_WARN_UNGUARDED_AVAILABILITY = YES_AGGRESSIVE;
				CLANG_WARN_UNREACHABLE_CODE = YES;
				CLANG_WARN__DUPLICATE_METHOD_MATCH = YES;
				COPY_PHASE_STRIP = NO;
				DEBUG_INFORMATION_FORMAT = "dwarf-with-dsym";
				ENABLE_NS_ASSERTIONS = NO;
				ENABLE_STRICT_OBJC_MSGSEND = YES;
				GCC_C_LANGUAGE_STANDARD = gnu11;
				GCC_NO_COMMON_BLOCKS = YES;
				GCC_WARN_64_TO_32_BIT_CONVERSION = YES;
				GCC_WARN_ABOUT_RETURN_TYPE = YES_ERROR;
				GCC_WARN_UNDECLARED_SELECTOR = YES;
				GCC_WARN_UNINITIALIZED_AUTOS = YES_AGGRESSIVE;
				GCC_WARN_UNUSED_FUNCTION = YES;
				GCC_WARN_UNUSED_VARIABLE = YES;
				IPHONEOS_DEPLOYMENT_TARGET = 16.4;
				MTL_ENABLE_DEBUG_INFO = NO;
				MTL_FAST_MATH = YES;
				SDKROOT = iphoneos;
				SWIFT_COMPILATION_MODE = wholemodule;
				SWIFT_OPTIMIZATION_LEVEL = "-O";
				VALIDATE_PRODUCT = YES;
			};
			name = Release;
		};
		2863AB202A8E9870007F72AB /* Debug */ = {
			isa = XCBuildConfiguration;
			buildSettings = {
				ASSETCATALOG_COMPILER_APPICON_NAME = AppIcon;
				ASSETCATALOG_COMPILER_GLOBAL_ACCENT_COLOR_NAME = AccentColor;
				CODE_SIGN_STYLE = Automatic;
				CURRENT_PROJECT_VERSION = 1;
				DEVELOPMENT_ASSET_PATHS = "\"NanoChallengeWebService/Preview Content\"";
				DEVELOPMENT_TEAM = 3A253HAV36;
				ENABLE_PREVIEWS = YES;
				GENERATE_INFOPLIST_FILE = YES;
				INFOPLIST_FILE = NanoChallengeWebService/Info.plist;
				INFOPLIST_KEY_CFBundleDisplayName = "";
				INFOPLIST_KEY_LSApplicationCategoryType = "";
				INFOPLIST_KEY_UIApplicationSceneManifest_Generation = YES;
				INFOPLIST_KEY_UIApplicationSupportsIndirectInputEvents = YES;
				INFOPLIST_KEY_UILaunchScreen_Generation = YES;
				INFOPLIST_KEY_UISupportedInterfaceOrientations_iPad = "UIInterfaceOrientationPortrait UIInterfaceOrientationPortraitUpsideDown UIInterfaceOrientationLandscapeLeft UIInterfaceOrientationLandscapeRight";
				INFOPLIST_KEY_UISupportedInterfaceOrientations_iPhone = "UIInterfaceOrientationPortrait UIInterfaceOrientationLandscapeLeft UIInterfaceOrientationLandscapeRight";
				LD_RUNPATH_SEARCH_PATHS = (
					"$(inherited)",
					"@executable_path/Frameworks",
				);
				MARKETING_VERSION = 1.0;
				PRODUCT_BUNDLE_IDENTIFIER = com.Eduardo.NanoChallengeWebService;
				PRODUCT_NAME = "$(TARGET_NAME)";
				SWIFT_EMIT_LOC_STRINGS = YES;
				SWIFT_VERSION = 5.0;
				TARGETED_DEVICE_FAMILY = "1,2";
			};
			name = Debug;
		};
		2863AB212A8E9870007F72AB /* Release */ = {
			isa = XCBuildConfiguration;
			buildSettings = {
				ASSETCATALOG_COMPILER_APPICON_NAME = AppIcon;
				ASSETCATALOG_COMPILER_GLOBAL_ACCENT_COLOR_NAME = AccentColor;
				CODE_SIGN_STYLE = Automatic;
				CURRENT_PROJECT_VERSION = 1;
				DEVELOPMENT_ASSET_PATHS = "\"NanoChallengeWebService/Preview Content\"";
				DEVELOPMENT_TEAM = 3A253HAV36;
				ENABLE_PREVIEWS = YES;
				GENERATE_INFOPLIST_FILE = YES;
				INFOPLIST_FILE = NanoChallengeWebService/Info.plist;
				INFOPLIST_KEY_CFBundleDisplayName = "";
				INFOPLIST_KEY_LSApplicationCategoryType = "";
				INFOPLIST_KEY_UIApplicationSceneManifest_Generation = YES;
				INFOPLIST_KEY_UIApplicationSupportsIndirectInputEvents = YES;
				INFOPLIST_KEY_UILaunchScreen_Generation = YES;
				INFOPLIST_KEY_UISupportedInterfaceOrientations_iPad = "UIInterfaceOrientationPortrait UIInterfaceOrientationPortraitUpsideDown UIInterfaceOrientationLandscapeLeft UIInterfaceOrientationLandscapeRight";
				INFOPLIST_KEY_UISupportedInterfaceOrientations_iPhone = "UIInterfaceOrientationPortrait UIInterfaceOrientationLandscapeLeft UIInterfaceOrientationLandscapeRight";
				LD_RUNPATH_SEARCH_PATHS = (
					"$(inherited)",
					"@executable_path/Frameworks",
				);
				MARKETING_VERSION = 1.0;
				PRODUCT_BUNDLE_IDENTIFIER = com.Eduardo.NanoChallengeWebService;
				PRODUCT_NAME = "$(TARGET_NAME)";
				SWIFT_EMIT_LOC_STRINGS = YES;
				SWIFT_VERSION = 5.0;
				TARGETED_DEVICE_FAMILY = "1,2";
			};
			name = Release;
		};
/* End XCBuildConfiguration section */

/* Begin XCConfigurationList section */
		2863AB0C2A8E986F007F72AB /* Build configuration list for PBXProject "NanoChallengeWebService" */ = {
			isa = XCConfigurationList;
			buildConfigurations = (
				2863AB1D2A8E9870007F72AB /* Debug */,
				2863AB1E2A8E9870007F72AB /* Release */,
			);
			defaultConfigurationIsVisible = 0;
			defaultConfigurationName = Release;
		};
		2863AB1F2A8E9870007F72AB /* Build configuration list for PBXNativeTarget "NanoChallengeWebService" */ = {
			isa = XCConfigurationList;
			buildConfigurations = (
				2863AB202A8E9870007F72AB /* Debug */,
				2863AB212A8E9870007F72AB /* Release */,
			);
			defaultConfigurationIsVisible = 0;
			defaultConfigurationName = Release;
		};
/* End XCConfigurationList section */

/* Begin XCVersionGroup section */
		E008BAF12A9D1DBD005085E8 /* FavoriteDataModel.xcdatamodeld */ = {
			isa = XCVersionGroup;
			children = (
				E008BAF22A9D1DBD005085E8 /* FavoriteDataModel.xcdatamodel */,
			);
			currentVersion = E008BAF22A9D1DBD005085E8 /* FavoriteDataModel.xcdatamodel */;
			path = FavoriteDataModel.xcdatamodeld;
			sourceTree = "<group>";
			versionGroupType = wrapper.xcdatamodel;
		};
/* End XCVersionGroup section */
	};
	rootObject = 2863AB092A8E986F007F72AB /* Project object */;
}
