// !$*UTF8*$!
{
	archiveVersion = 1;
	classes = {
	};
	objectVersion = 56;
	objects = {

/* Begin PBXBuildFile section */
		2863AB152A8E986F007F72AB /* NanoChallengeWebServiceApp.swift in Sources */ = {isa = PBXBuildFile; fileRef = 2863AB142A8E986F007F72AB /* NanoChallengeWebServiceApp.swift */; };
		2863AB172A8E986F007F72AB /* ContentView.swift in Sources */ = {isa = PBXBuildFile; fileRef = 2863AB162A8E986F007F72AB /* ContentView.swift */; };
		2863AB192A8E9870007F72AB /* Assets.xcassets in Resources */ = {isa = PBXBuildFile; fileRef = 2863AB182A8E9870007F72AB /* Assets.xcassets */; };
		2863AB1C2A8E9870007F72AB /* Preview Assets.xcassets in Resources */ = {isa = PBXBuildFile; fileRef = 2863AB1B2A8E9870007F72AB /* Preview Assets.xcassets */; };
		2863AB272A8E9B31007F72AB /* AnimeHomeView.swift in Sources */ = {isa = PBXBuildFile; fileRef = 2863AB262A8E9B31007F72AB /* AnimeHomeView.swift */; };
		2863AB292A8EA0DC007F72AB /* AnimeItemView.swift in Sources */ = {isa = PBXBuildFile; fileRef = 2863AB282A8EA0DC007F72AB /* AnimeItemView.swift */; };
		2863AB2C2A8EA428007F72AB /* AnimeModel.swift in Sources */ = {isa = PBXBuildFile; fileRef = 2863AB2B2A8EA428007F72AB /* AnimeModel.swift */; };
		BA8D8BC72A9928F200CE5BE6 /* SerieCard.swift in Sources */ = {isa = PBXBuildFile; fileRef = BA8D8BC62A9928F200CE5BE6 /* SerieCard.swift */; };
		BA8D8BC92A99291100CE5BE6 /* GenreDesign.swift in Sources */ = {isa = PBXBuildFile; fileRef = BA8D8BC82A99291100CE5BE6 /* GenreDesign.swift */; };
		BA8D8BCB2A99297500CE5BE6 /* ScrollCardView.swift in Sources */ = {isa = PBXBuildFile; fileRef = BA8D8BCA2A99297500CE5BE6 /* ScrollCardView.swift */; };
		BA8D8BCE2A9929AC00CE5BE6 /* SerieViewModel.swift in Sources */ = {isa = PBXBuildFile; fileRef = BA8D8BCD2A9929AC00CE5BE6 /* SerieViewModel.swift */; };
		BA8D8BD02A9929F900CE5BE6 /* SerieDetailViewModel.swift in Sources */ = {isa = PBXBuildFile; fileRef = BA8D8BCF2A9929F900CE5BE6 /* SerieDetailViewModel.swift */; };
		BA8D8BD22A992A3700CE5BE6 /* Series.swift in Sources */ = {isa = PBXBuildFile; fileRef = BA8D8BD12A992A3700CE5BE6 /* Series.swift */; };
		BA8D8BD52A992AA900CE5BE6 /* MainSerieView.swift in Sources */ = {isa = PBXBuildFile; fileRef = BA8D8BD42A992AA900CE5BE6 /* MainSerieView.swift */; };
		BA8D8BD72A992ACD00CE5BE6 /* SerieDetail.swift in Sources */ = {isa = PBXBuildFile; fileRef = BA8D8BD62A992ACD00CE5BE6 /* SerieDetail.swift */; };
		BA8D8BD92A9A495800CE5BE6 /* ListGenreSerie.swift in Sources */ = {isa = PBXBuildFile; fileRef = BA8D8BD82A9A495800CE5BE6 /* ListGenreSerie.swift */; };
		BA8D8BDB2A9D0F5100CE5BE6 /* AllSeries.swift in Sources */ = {isa = PBXBuildFile; fileRef = BA8D8BDA2A9D0F5100CE5BE6 /* AllSeries.swift */; };
		BA8D8BDD2A9D16E300CE5BE6 /* AllGenreSerie.swift in Sources */ = {isa = PBXBuildFile; fileRef = BA8D8BDC2A9D16E300CE5BE6 /* AllGenreSerie.swift */; };
/* End PBXBuildFile section */

/* Begin PBXFileReference section */
		2863AB112A8E986F007F72AB /* NanoChallengeWebService.app */ = {isa = PBXFileReference; explicitFileType = wrapper.application; includeInIndex = 0; path = NanoChallengeWebService.app; sourceTree = BUILT_PRODUCTS_DIR; };
		2863AB142A8E986F007F72AB /* NanoChallengeWebServiceApp.swift */ = {isa = PBXFileReference; lastKnownFileType = sourcecode.swift; path = NanoChallengeWebServiceApp.swift; sourceTree = "<group>"; };
		2863AB162A8E986F007F72AB /* ContentView.swift */ = {isa = PBXFileReference; lastKnownFileType = sourcecode.swift; path = ContentView.swift; sourceTree = "<group>"; };
		2863AB182A8E9870007F72AB /* Assets.xcassets */ = {isa = PBXFileReference; lastKnownFileType = folder.assetcatalog; path = Assets.xcassets; sourceTree = "<group>"; };
		2863AB1B2A8E9870007F72AB /* Preview Assets.xcassets */ = {isa = PBXFileReference; lastKnownFileType = folder.assetcatalog; path = "Preview Assets.xcassets"; sourceTree = "<group>"; };
		2863AB262A8E9B31007F72AB /* AnimeHomeView.swift */ = {isa = PBXFileReference; lastKnownFileType = sourcecode.swift; path = AnimeHomeView.swift; sourceTree = "<group>"; };
		2863AB282A8EA0DC007F72AB /* AnimeItemView.swift */ = {isa = PBXFileReference; lastKnownFileType = sourcecode.swift; path = AnimeItemView.swift; sourceTree = "<group>"; };
		2863AB2B2A8EA428007F72AB /* AnimeModel.swift */ = {isa = PBXFileReference; lastKnownFileType = sourcecode.swift; path = AnimeModel.swift; sourceTree = "<group>"; };
		BA8D8BC62A9928F200CE5BE6 /* SerieCard.swift */ = {isa = PBXFileReference; lastKnownFileType = sourcecode.swift; path = SerieCard.swift; sourceTree = "<group>"; };
		BA8D8BC82A99291100CE5BE6 /* GenreDesign.swift */ = {isa = PBXFileReference; lastKnownFileType = sourcecode.swift; path = GenreDesign.swift; sourceTree = "<group>"; };
		BA8D8BCA2A99297500CE5BE6 /* ScrollCardView.swift */ = {isa = PBXFileReference; lastKnownFileType = sourcecode.swift; path = ScrollCardView.swift; sourceTree = "<group>"; };
		BA8D8BCD2A9929AC00CE5BE6 /* SerieViewModel.swift */ = {isa = PBXFileReference; lastKnownFileType = sourcecode.swift; path = SerieViewModel.swift; sourceTree = "<group>"; };
		BA8D8BCF2A9929F900CE5BE6 /* SerieDetailViewModel.swift */ = {isa = PBXFileReference; lastKnownFileType = sourcecode.swift; path = SerieDetailViewModel.swift; sourceTree = "<group>"; };
		BA8D8BD12A992A3700CE5BE6 /* Series.swift */ = {isa = PBXFileReference; lastKnownFileType = sourcecode.swift; path = Series.swift; sourceTree = "<group>"; };
		BA8D8BD42A992AA900CE5BE6 /* MainSerieView.swift */ = {isa = PBXFileReference; lastKnownFileType = sourcecode.swift; path = MainSerieView.swift; sourceTree = "<group>"; };
		BA8D8BD62A992ACD00CE5BE6 /* SerieDetail.swift */ = {isa = PBXFileReference; lastKnownFileType = sourcecode.swift; path = SerieDetail.swift; sourceTree = "<group>"; };
		BA8D8BD82A9A495800CE5BE6 /* ListGenreSerie.swift */ = {isa = PBXFileReference; lastKnownFileType = sourcecode.swift; path = ListGenreSerie.swift; sourceTree = "<group>"; };
		BA8D8BDA2A9D0F5100CE5BE6 /* AllSeries.swift */ = {isa = PBXFileReference; lastKnownFileType = sourcecode.swift; path = AllSeries.swift; sourceTree = "<group>"; };
		BA8D8BDC2A9D16E300CE5BE6 /* AllGenreSerie.swift */ = {isa = PBXFileReference; lastKnownFileType = sourcecode.swift; path = AllGenreSerie.swift; sourceTree = "<group>"; };
/* End PBXFileReference section */

/* Begin PBXFrameworksBuildPhase section */
		2863AB0E2A8E986F007F72AB /* Frameworks */ = {
			isa = PBXFrameworksBuildPhase;
			buildActionMask = 2147483647;
			files = (
			);
			runOnlyForDeploymentPostprocessing = 0;
		};
/* End PBXFrameworksBuildPhase section */

/* Begin PBXGroup section */
		2863AB082A8E986F007F72AB = {
			isa = PBXGroup;
			children = (
				2863AB132A8E986F007F72AB /* NanoChallengeWebService */,
				2863AB122A8E986F007F72AB /* Products */,
			);
			sourceTree = "<group>";
		};
		2863AB122A8E986F007F72AB /* Products */ = {
			isa = PBXGroup;
			children = (
				2863AB112A8E986F007F72AB /* NanoChallengeWebService.app */,
			);
			name = Products;
			sourceTree = "<group>";
		};
		2863AB132A8E986F007F72AB /* NanoChallengeWebService */ = {
			isa = PBXGroup;
			children = (
				2863AB142A8E986F007F72AB /* NanoChallengeWebServiceApp.swift */,
				2863AB2A2A8EA41B007F72AB /* Model */,
				2863AB222A8E99E5007F72AB /* Core */,
				2863AB162A8E986F007F72AB /* ContentView.swift */,
				2863AB182A8E9870007F72AB /* Assets.xcassets */,
				2863AB1A2A8E9870007F72AB /* Preview Content */,
			);
			path = NanoChallengeWebService;
			sourceTree = "<group>";
		};
		2863AB1A2A8E9870007F72AB /* Preview Content */ = {
			isa = PBXGroup;
			children = (
				2863AB1B2A8E9870007F72AB /* Preview Assets.xcassets */,
			);
			path = "Preview Content";
			sourceTree = "<group>";
		};
		2863AB222A8E99E5007F72AB /* Core */ = {
			isa = PBXGroup;
			children = (
				BA8D8BC52A9928D700CE5BE6 /* Serie */,
				2863AB232A8E99EE007F72AB /* Anime */,
			);
			path = Core;
			sourceTree = "<group>";
		};
		2863AB232A8E99EE007F72AB /* Anime */ = {
			isa = PBXGroup;
			children = (
				2863AB242A8E9A1B007F72AB /* ViewModel */,
				2863AB252A8E9A2A007F72AB /* View */,
			);
			path = Anime;
			sourceTree = "<group>";
		};
		2863AB242A8E9A1B007F72AB /* ViewModel */ = {
			isa = PBXGroup;
			children = (
			);
			path = ViewModel;
			sourceTree = "<group>";
		};
		2863AB252A8E9A2A007F72AB /* View */ = {
			isa = PBXGroup;
			children = (
				2863AB262A8E9B31007F72AB /* AnimeHomeView.swift */,
				2863AB282A8EA0DC007F72AB /* AnimeItemView.swift */,
			);
			path = View;
			sourceTree = "<group>";
		};
		2863AB2A2A8EA41B007F72AB /* Model */ = {
			isa = PBXGroup;
			children = (
				2863AB2B2A8EA428007F72AB /* AnimeModel.swift */,
			);
			path = Model;
			sourceTree = "<group>";
		};
		BA8D8BC42A9928B600CE5BE6 /* ComponetnsSeries */ = {
			isa = PBXGroup;
			children = (
				BA8D8BC62A9928F200CE5BE6 /* SerieCard.swift */,
				BA8D8BC82A99291100CE5BE6 /* GenreDesign.swift */,
				BA8D8BCA2A99297500CE5BE6 /* ScrollCardView.swift */,
				BA8D8BD82A9A495800CE5BE6 /* ListGenreSerie.swift */,
			);
			path = ComponetnsSeries;
			sourceTree = "<group>";
		};
		BA8D8BC52A9928D700CE5BE6 /* Serie */ = {
			isa = PBXGroup;
			children = (
				BA8D8BD32A992A8300CE5BE6 /* View */,
				BA8D8BCC2A99299500CE5BE6 /* ViewModel */,
				BA8D8BC42A9928B600CE5BE6 /* ComponetnsSeries */,
			);
			path = Serie;
			sourceTree = "<group>";
		};
		BA8D8BCC2A99299500CE5BE6 /* ViewModel */ = {
			isa = PBXGroup;
			children = (
				BA8D8BCD2A9929AC00CE5BE6 /* SerieViewModel.swift */,
				BA8D8BCF2A9929F900CE5BE6 /* SerieDetailViewModel.swift */,
				BA8D8BD12A992A3700CE5BE6 /* Series.swift */,
			);
			path = ViewModel;
			sourceTree = "<group>";
		};
		BA8D8BD32A992A8300CE5BE6 /* View */ = {
			isa = PBXGroup;
			children = (
				BA8D8BD42A992AA900CE5BE6 /* MainSerieView.swift */,
				BA8D8BD62A992ACD00CE5BE6 /* SerieDetail.swift */,
				BA8D8BDA2A9D0F5100CE5BE6 /* AllSeries.swift */,
				BA8D8BDC2A9D16E300CE5BE6 /* AllGenreSerie.swift */,
			);
			path = View;
			sourceTree = "<group>";
		};
/* End PBXGroup section */

/* Begin PBXNativeTarget section */
		2863AB102A8E986F007F72AB /* NanoChallengeWebService */ = {
			isa = PBXNativeTarget;
			buildConfigurationList = 2863AB1F2A8E9870007F72AB /* Build configuration list for PBXNativeTarget "NanoChallengeWebService" */;
			buildPhases = (
				2863AB0D2A8E986F007F72AB /* Sources */,
				2863AB0E2A8E986F007F72AB /* Frameworks */,
				2863AB0F2A8E986F007F72AB /* Resources */,
			);
			buildRules = (
			);
			dependencies = (
			);
			name = NanoChallengeWebService;
			productName = NanoChallengeWebService;
			productReference = 2863AB112A8E986F007F72AB /* NanoChallengeWebService.app */;
			productType = "com.apple.product-type.application";
		};
/* End PBXNativeTarget section */

/* Begin PBXProject section */
		2863AB092A8E986F007F72AB /* Project object */ = {
			isa = PBXProject;
			attributes = {
				BuildIndependentTargetsInParallel = 1;
				LastSwiftUpdateCheck = 1430;
				LastUpgradeCheck = 1430;
				TargetAttributes = {
					2863AB102A8E986F007F72AB = {
						CreatedOnToolsVersion = 14.3.1;
					};
				};
			};
			buildConfigurationList = 2863AB0C2A8E986F007F72AB /* Build configuration list for PBXProject "NanoChallengeWebService" */;
			compatibilityVersion = "Xcode 14.0";
			developmentRegion = en;
			hasScannedForEncodings = 0;
			knownRegions = (
				en,
				Base,
			);
			mainGroup = 2863AB082A8E986F007F72AB;
			productRefGroup = 2863AB122A8E986F007F72AB /* Products */;
			projectDirPath = "";
			projectRoot = "";
			targets = (
				2863AB102A8E986F007F72AB /* NanoChallengeWebService */,
			);
		};
/* End PBXProject section */

/* Begin PBXResourcesBuildPhase section */
		2863AB0F2A8E986F007F72AB /* Resources */ = {
			isa = PBXResourcesBuildPhase;
			buildActionMask = 2147483647;
			files = (
				2863AB1C2A8E9870007F72AB /* Preview Assets.xcassets in Resources */,
				2863AB192A8E9870007F72AB /* Assets.xcassets in Resources */,
			);
			runOnlyForDeploymentPostprocessing = 0;
		};
/* End PBXResourcesBuildPhase section */

/* Begin PBXSourcesBuildPhase section */
		2863AB0D2A8E986F007F72AB /* Sources */ = {
			isa = PBXSourcesBuildPhase;
			buildActionMask = 2147483647;
			files = (
				BA8D8BDD2A9D16E300CE5BE6 /* AllGenreSerie.swift in Sources */,
				2863AB172A8E986F007F72AB /* ContentView.swift in Sources */,
				BA8D8BC92A99291100CE5BE6 /* GenreDesign.swift in Sources */,
				2863AB2C2A8EA428007F72AB /* AnimeModel.swift in Sources */,
				BA8D8BCB2A99297500CE5BE6 /* ScrollCardView.swift in Sources */,
				BA8D8BCE2A9929AC00CE5BE6 /* SerieViewModel.swift in Sources */,
				BA8D8BC72A9928F200CE5BE6 /* SerieCard.swift in Sources */,
				BA8D8BD52A992AA900CE5BE6 /* MainSerieView.swift in Sources */,
				BA8D8BD72A992ACD00CE5BE6 /* SerieDetail.swift in Sources */,
				2863AB152A8E986F007F72AB /* NanoChallengeWebServiceApp.swift in Sources */,
				2863AB292A8EA0DC007F72AB /* AnimeItemView.swift in Sources */,
				BA8D8BD22A992A3700CE5BE6 /* Series.swift in Sources */,
				BA8D8BD02A9929F900CE5BE6 /* SerieDetailViewModel.swift in Sources */,
				BA8D8BD92A9A495800CE5BE6 /* ListGenreSerie.swift in Sources */,
				BA8D8BDB2A9D0F5100CE5BE6 /* AllSeries.swift in Sources */,
				2863AB272A8E9B31007F72AB /* AnimeHomeView.swift in Sources */,
			);
			runOnlyForDeploymentPostprocessing = 0;
		};
/* End PBXSourcesBuildPhase section */

/* Begin XCBuildConfiguration section */
		2863AB1D2A8E9870007F72AB /* Debug */ = {
			isa = XCBuildConfiguration;
			buildSettings = {
				ALWAYS_SEARCH_USER_PATHS = NO;
				CLANG_ANALYZER_NONNULL = YES;
				CLANG_ANALYZER_NUMBER_OBJECT_CONVERSION = YES_AGGRESSIVE;
				CLANG_CXX_LANGUAGE_STANDARD = "gnu++20";
				CLANG_ENABLE_MODULES = YES;
				CLANG_ENABLE_OBJC_ARC = YES;
				CLANG_ENABLE_OBJC_WEAK = YES;
				CLANG_WARN_BLOCK_CAPTURE_AUTORELEASING = YES;
				CLANG_WARN_BOOL_CONVERSION = YES;
				CLANG_WARN_COMMA = YES;
				CLANG_WARN_CONSTANT_CONVERSION = YES;
				CLANG_WARN_DEPRECATED_OBJC_IMPLEMENTATIONS = YES;
				CLANG_WARN_DIRECT_OBJC_ISA_USAGE = YES_ERROR;
				CLANG_WARN_DOCUMENTATION_COMMENTS = YES;
				CLANG_WARN_EMPTY_BODY = YES;
				CLANG_WARN_ENUM_CONVERSION = YES;
				CLANG_WARN_INFINITE_RECURSION = YES;
				CLANG_WARN_INT_CONVERSION = YES;
				CLANG_WARN_NON_LITERAL_NULL_CONVERSION = YES;
				CLANG_WARN_OBJC_IMPLICIT_RETAIN_SELF = YES;
				CLANG_WARN_OBJC_LITERAL_CONVERSION = YES;
				CLANG_WARN_OBJC_ROOT_CLASS = YES_ERROR;
				CLANG_WARN_QUOTED_INCLUDE_IN_FRAMEWORK_HEADER = YES;
				CLANG_WARN_RANGE_LOOP_ANALYSIS = YES;
				CLANG_WARN_STRICT_PROTOTYPES = YES;
				CLANG_WARN_SUSPICIOUS_MOVE = YES;
				CLANG_WARN_UNGUARDED_AVAILABILITY = YES_AGGRESSIVE;
				CLANG_WARN_UNREACHABLE_CODE = YES;
				CLANG_WARN__DUPLICATE_METHOD_MATCH = YES;
				COPY_PHASE_STRIP = NO;
				DEBUG_INFORMATION_FORMAT = dwarf;
				ENABLE_STRICT_OBJC_MSGSEND = YES;
				ENABLE_TESTABILITY = YES;
				GCC_C_LANGUAGE_STANDARD = gnu11;
				GCC_DYNAMIC_NO_PIC = NO;
				GCC_NO_COMMON_BLOCKS = YES;
				GCC_OPTIMIZATION_LEVEL = 0;
				GCC_PREPROCESSOR_DEFINITIONS = (
					"DEBUG=1",
					"$(inherited)",
				);
				GCC_WARN_64_TO_32_BIT_CONVERSION = YES;
				GCC_WARN_ABOUT_RETURN_TYPE = YES_ERROR;
				GCC_WARN_UNDECLARED_SELECTOR = YES;
				GCC_WARN_UNINITIALIZED_AUTOS = YES_AGGRESSIVE;
				GCC_WARN_UNUSED_FUNCTION = YES;
				GCC_WARN_UNUSED_VARIABLE = YES;
				IPHONEOS_DEPLOYMENT_TARGET = 16.4;
				MTL_ENABLE_DEBUG_INFO = INCLUDE_SOURCE;
				MTL_FAST_MATH = YES;
				ONLY_ACTIVE_ARCH = YES;
				SDKROOT = iphoneos;
				SWIFT_ACTIVE_COMPILATION_CONDITIONS = DEBUG;
				SWIFT_OPTIMIZATION_LEVEL = "-Onone";
			};
			name = Debug;
		};
		2863AB1E2A8E9870007F72AB /* Release */ = {
			isa = XCBuildConfiguration;
			buildSettings = {
				ALWAYS_SEARCH_USER_PATHS = NO;
				CLANG_ANALYZER_NONNULL = YES;
				CLANG_ANALYZER_NUMBER_OBJECT_CONVERSION = YES_AGGRESSIVE;
				CLANG_CXX_LANGUAGE_STANDARD = "gnu++20";
				CLANG_ENABLE_MODULES = YES;
				CLANG_ENABLE_OBJC_ARC = YES;
				CLANG_ENABLE_OBJC_WEAK = YES;
				CLANG_WARN_BLOCK_CAPTURE_AUTORELEASING = YES;
				CLANG_WARN_BOOL_CONVERSION = YES;
				CLANG_WARN_COMMA = YES;
				CLANG_WARN_CONSTANT_CONVERSION = YES;
				CLANG_WARN_DEPRECATED_OBJC_IMPLEMENTATIONS = YES;
				CLANG_WARN_DIRECT_OBJC_ISA_USAGE = YES_ERROR;
				CLANG_WARN_DOCUMENTATION_COMMENTS = YES;
				CLANG_WARN_EMPTY_BODY = YES;
				CLANG_WARN_ENUM_CONVERSION = YES;
				CLANG_WARN_INFINITE_RECURSION = YES;
				CLANG_WARN_INT_CONVERSION = YES;
				CLANG_WARN_NON_LITERAL_NULL_CONVERSION = YES;
				CLANG_WARN_OBJC_IMPLICIT_RETAIN_SELF = YES;
				CLANG_WARN_OBJC_LITERAL_CONVERSION = YES;
				CLANG_WARN_OBJC_ROOT_CLASS = YES_ERROR;
				CLANG_WARN_QUOTED_INCLUDE_IN_FRAMEWORK_HEADER = YES;
				CLANG_WARN_RANGE_LOOP_ANALYSIS = YES;
				CLANG_WARN_STRICT_PROTOTYPES = YES;
				CLANG_WARN_SUSPICIOUS_MOVE = YES;
				CLANG_WARN_UNGUARDED_AVAILABILITY = YES_AGGRESSIVE;
				CLANG_WARN_UNREACHABLE_CODE = YES;
				CLANG_WARN__DUPLICATE_METHOD_MATCH = YES;
				COPY_PHASE_STRIP = NO;
				DEBUG_INFORMATION_FORMAT = "dwarf-with-dsym";
				ENABLE_NS_ASSERTIONS = NO;
				ENABLE_STRICT_OBJC_MSGSEND = YES;
				GCC_C_LANGUAGE_STANDARD = gnu11;
				GCC_NO_COMMON_BLOCKS = YES;
				GCC_WARN_64_TO_32_BIT_CONVERSION = YES;
				GCC_WARN_ABOUT_RETURN_TYPE = YES_ERROR;
				GCC_WARN_UNDECLARED_SELECTOR = YES;
				GCC_WARN_UNINITIALIZED_AUTOS = YES_AGGRESSIVE;
				GCC_WARN_UNUSED_FUNCTION = YES;
				GCC_WARN_UNUSED_VARIABLE = YES;
				IPHONEOS_DEPLOYMENT_TARGET = 16.4;
				MTL_ENABLE_DEBUG_INFO = NO;
				MTL_FAST_MATH = YES;
				SDKROOT = iphoneos;
				SWIFT_COMPILATION_MODE = wholemodule;
				SWIFT_OPTIMIZATION_LEVEL = "-O";
				VALIDATE_PRODUCT = YES;
			};
			name = Release;
		};
		2863AB202A8E9870007F72AB /* Debug */ = {
			isa = XCBuildConfiguration;
			buildSettings = {
				ASSETCATALOG_COMPILER_APPICON_NAME = AppIcon;
				ASSETCATALOG_COMPILER_GLOBAL_ACCENT_COLOR_NAME = AccentColor;
				CODE_SIGN_STYLE = Automatic;
				CURRENT_PROJECT_VERSION = 1;
				DEVELOPMENT_ASSET_PATHS = "\"NanoChallengeWebService/Preview Content\"";
				DEVELOPMENT_TEAM = 3A253HAV36;
				ENABLE_PREVIEWS = YES;
				GENERATE_INFOPLIST_FILE = YES;
				INFOPLIST_KEY_UIApplicationSceneManifest_Generation = YES;
				INFOPLIST_KEY_UIApplicationSupportsIndirectInputEvents = YES;
				INFOPLIST_KEY_UILaunchScreen_Generation = YES;
				INFOPLIST_KEY_UISupportedInterfaceOrientations_iPad = "UIInterfaceOrientationPortrait UIInterfaceOrientationPortraitUpsideDown UIInterfaceOrientationLandscapeLeft UIInterfaceOrientationLandscapeRight";
				INFOPLIST_KEY_UISupportedInterfaceOrientations_iPhone = "UIInterfaceOrientationPortrait UIInterfaceOrientationLandscapeLeft UIInterfaceOrientationLandscapeRight";
				LD_RUNPATH_SEARCH_PATHS = (
					"$(inherited)",
					"@executable_path/Frameworks",
				);
				MARKETING_VERSION = 1.0;
				PRODUCT_BUNDLE_IDENTIFIER = com.Eduardo.NanoChallengeWebService;
				PRODUCT_NAME = "$(TARGET_NAME)";
				SWIFT_EMIT_LOC_STRINGS = YES;
				SWIFT_VERSION = 5.0;
				TARGETED_DEVICE_FAMILY = "1,2";
			};
			name = Debug;
		};
		2863AB212A8E9870007F72AB /* Release */ = {
			isa = XCBuildConfiguration;
			buildSettings = {
				ASSETCATALOG_COMPILER_APPICON_NAME = AppIcon;
				ASSETCATALOG_COMPILER_GLOBAL_ACCENT_COLOR_NAME = AccentColor;
				CODE_SIGN_STYLE = Automatic;
				CURRENT_PROJECT_VERSION = 1;
				DEVELOPMENT_ASSET_PATHS = "\"NanoChallengeWebService/Preview Content\"";
				DEVELOPMENT_TEAM = 3A253HAV36;
				ENABLE_PREVIEWS = YES;
				GENERATE_INFOPLIST_FILE = YES;
				INFOPLIST_KEY_UIApplicationSceneManifest_Generation = YES;
				INFOPLIST_KEY_UIApplicationSupportsIndirectInputEvents = YES;
				INFOPLIST_KEY_UILaunchScreen_Generation = YES;
				INFOPLIST_KEY_UISupportedInterfaceOrientations_iPad = "UIInterfaceOrientationPortrait UIInterfaceOrientationPortraitUpsideDown UIInterfaceOrientationLandscapeLeft UIInterfaceOrientationLandscapeRight";
				INFOPLIST_KEY_UISupportedInterfaceOrientations_iPhone = "UIInterfaceOrientationPortrait UIInterfaceOrientationLandscapeLeft UIInterfaceOrientationLandscapeRight";
				LD_RUNPATH_SEARCH_PATHS = (
					"$(inherited)",
					"@executable_path/Frameworks",
				);
				MARKETING_VERSION = 1.0;
				PRODUCT_BUNDLE_IDENTIFIER = com.Eduardo.NanoChallengeWebService;
				PRODUCT_NAME = "$(TARGET_NAME)";
				SWIFT_EMIT_LOC_STRINGS = YES;
				SWIFT_VERSION = 5.0;
				TARGETED_DEVICE_FAMILY = "1,2";
			};
			name = Release;
		};
/* End XCBuildConfiguration section */

/* Begin XCConfigurationList section */
		2863AB0C2A8E986F007F72AB /* Build configuration list for PBXProject "NanoChallengeWebService" */ = {
			isa = XCConfigurationList;
			buildConfigurations = (
				2863AB1D2A8E9870007F72AB /* Debug */,
				2863AB1E2A8E9870007F72AB /* Release */,
			);
			defaultConfigurationIsVisible = 0;
			defaultConfigurationName = Release;
		};
		2863AB1F2A8E9870007F72AB /* Build configuration list for PBXNativeTarget "NanoChallengeWebService" */ = {
			isa = XCConfigurationList;
			buildConfigurations = (
				2863AB202A8E9870007F72AB /* Debug */,
				2863AB212A8E9870007F72AB /* Release */,
			);
			defaultConfigurationIsVisible = 0;
			defaultConfigurationName = Release;
		};
/* End XCConfigurationList section */
	};
	rootObject = 2863AB092A8E986F007F72AB /* Project object */;
}
